
Microsoft Visual Studio Solution File, Format Version 12.00
# Visual Studio 14
VisualStudioVersion = 14.0.23107.0
MinimumVisualStudioVersion = 10.0.40219.1
Project("{FAE04EC0-301F-11D3-BF4B-00C04F79EFBC}") = "Electro", "Electro\Electro.csproj", "{BEC41D9B-B741-418E-AEDB-D0A6F8506C73}"
EndProject
Project("{FAE04EC0-301F-11D3-BF4B-00C04F79EFBC}") = "HomomorphicTests", "HomomorphicTests\HomomorphicTests.csproj", "{B785E27A-A0C1-4B8B-9109-CCD483575F8D}"
EndProject
Project("{FAE04EC0-301F-11D3-BF4B-00C04F79EFBC}") = "ElectroChecker", "ElectroChecker\ElectroChecker.csproj", "{2D6F52DB-3285-46E6-86D8-1674CF09A2C1}"
EndProject
Global
	GlobalSection(SolutionConfigurationPlatforms) = preSolution
		Debug|Any CPU = Debug|Any CPU
		Release|Any CPU = Release|Any CPU
	EndGlobalSection
	GlobalSection(ProjectConfigurationPlatforms) = postSolution
		{BEC41D9B-B741-418E-AEDB-D0A6F8506C73}.Debug|Any CPU.ActiveCfg = Debug|Any CPU
		{BEC41D9B-B741-418E-AEDB-D0A6F8506C73}.Debug|Any CPU.Build.0 = Debug|Any CPU
		{BEC41D9B-B741-418E-AEDB-D0A6F8506C73}.Release|Any CPU.ActiveCfg = Release|Any CPU
		{BEC41D9B-B741-418E-AEDB-D0A6F8506C73}.Release|Any CPU.Build.0 = Release|Any CPU
		{B785E27A-A0C1-4B8B-9109-CCD483575F8D}.Debug|Any CPU.ActiveCfg = Debug|Any CPU
		{B785E27A-A0C1-4B8B-9109-CCD483575F8D}.Debug|Any CPU.Build.0 = Debug|Any CPU
		{B785E27A-A0C1-4B8B-9109-CCD483575F8D}.Release|Any CPU.ActiveCfg = Release|Any CPU
		{B785E27A-A0C1-4B8B-9109-CCD483575F8D}.Release|Any CPU.Build.0 = Release|Any CPU
		{2D6F52DB-3285-46E6-86D8-1674CF09A2C1}.Debug|Any CPU.ActiveCfg = Debug|Any CPU
		{2D6F52DB-3285-46E6-86D8-1674CF09A2C1}.Debug|Any CPU.Build.0 = Debug|Any CPU
		{2D6F52DB-3285-46E6-86D8-1674CF09A2C1}.Release|Any CPU.ActiveCfg = Release|Any CPU
		{2D6F52DB-3285-46E6-86D8-1674CF09A2C1}.Release|Any CPU.Build.0 = Release|Any CPU
	EndGlobalSection
	GlobalSection(SolutionProperties) = preSolution
		HideSolutionNode = FALSE
	EndGlobalSection
EndGlobal
