{
    "_readme": [
        "This file locks the dependencies of your project to a known state",
        "Read more about it at https://getcomposer.org/doc/01-basic-usage.md#composer-lock-the-lock-file",
        "This file is @generated automatically"
    ],
    "hash": "b882e972ad56dd4a85b4104cab55afff",
    "content-hash": "2af8a1bd181cff50815a29f16a2b1142",
    "packages": [
        {
            "name": "fenom/fenom",
            "version": "2.8.0",
            "source": {
                "type": "git",
                "url": "https://github.com/fenom-template/fenom.git",
                "reference": "e2a3087dfae28d16112a81ce480012e27163bbd7"
            },
            "dist": {
                "type": "zip",
                "url": "https://api.github.com/repos/fenom-template/fenom/zipball/e2a3087dfae28d16112a81ce480012e27163bbd7",
                "reference": "e2a3087dfae28d16112a81ce480012e27163bbd7",
                "shasum": ""
            },
            "require": {
                "ext-tokenizer": "*",
                "php": ">=5.3.0"
            },
            "require-dev": {
                "phpunit/phpunit": "*",
                "satooshi/php-coveralls": "dev-master"
            },
            "type": "library",
            "autoload": {
                "psr-0": {
                    "Fenom\\": "src/"
                },
                "classmap": [
                    "src/Fenom.php"
                ]
            },
            "notification-url": "https://packagist.org/downloads/",
            "license": [
                "BSD-3"
            ],
            "authors": [
                {
                    "name": "Ivan Shalganov",
                    "email": "a.cobest@gmail.com"
                }
            ],
            "description": "Fenom - excellent template engine for PHP",
            "keywords": [
                "fenom",
                "template",
                "templater",
                "templating"
            ],
            "time": "2015-08-13 12:04:17"
        }
    ],
    "packages-dev": [],
    "aliases": [],
    "minimum-stability": "stable",
    "stability-flags": [],
    "prefer-stable": false,
    "prefer-lowest": false,
    "platform": [],
    "platform-dev": []
}
